bazil.org/fuse v0.0.0-20200524192727-fb710f7dfd05 h1:UrYe9YkT4Wpm6D+zByEyCJQzDqTPXqTDUI7bZ41i9VE=
bazil.org/fuse v0.0.0-20200524192727-fb710f7dfd05/go.mod h1:h0h5FBYpXThbvSfTqthw+0I4nmHnhTHkO5BoOHsBWqg=
github.com/Julusian/godocdown v0.0.0-20170816220326-6d19f8ff2df8/go.mod h1:INZr5t32rG59/5xeltqoCJoNY7e5x/3xoY9WSWVWg74=
github.com/davecgh/go-spew v1.1.0/go.mod h1:J7Y8YcW2NihsgmVo/mv3lAwl/skON4iLHjSsI+c5H38=
github.com/dvyukov/go-fuzz v0.0.0-20200318091601-be3528f3a813/go.mod h1:11Gm+ccJnvAhCNLlf5+cS9KjtbaD5I5zaZpFMsTHWTw=
github.com/elazarl/go-bindata-assetfs v1.0.0/go.mod h1:v+YaWX3bdea5J/mo8dSETolEo7R71Vk1u8bnjau5yw4=
github.com/hanwen/go-fuse v1.0.0 h1:GxS9Zrn6c35/BnfiVsZVWmsG803xwE7eVRDvcf/BEVc=
github.com/hanwen/go-fuse v1.0.0/go.mod h1:unqXarDXqzAk0rt98O2tVndEPIpUgLD9+rwFisZH3Ok=
github.com/hanwen/go-fuse/v2 v2.0.3 h1:kpV28BKeSyVgZREItBLnaVBvOEwv2PuhNdKetwnvNHo=
github.com/hanwen/go-fuse/v2 v2.0.3/go.mod h1:0EQM6aH2ctVpvZ6a+onrQ/vaykxh2GH7hy3e13vzTUY=
github.com/kr/fs v0.1.0 h1:Jskdu9ieNAYnjxsi0LbQp1ulIKZV1LAFgK1tWhpZgl8=
github.com/kr/fs v0.1.0/go.mod h1:FFnZGqtBN9Gxj7eW1uZ42v5BccTP0vu6NEaFoC2HwRg=
github.com/kylelemons/godebug v0.0.0-20170820004349-d65d576e9348/go.mod h1:B69LEHPfb2qLo0BaaOLcbitczOKLWTsrBG9LczfCD4k=
github.com/pkg/errors v0.9.1 h1:FEBLx1zS214owpjy7qsBeixbURkuhQAwrK5UwLGTwt4=
github.com/pkg/errors v0.9.1/go.mod h1:bwawxfHBFNV+L2hUp1rHADufV3IMtnDRdf1r5NINEl0=
github.com/pkg/sftp v1.12.0 h1:/f3b24xrDhkhddlaobPe2JgBqfdt+gC/NYl0QY9IOuI=
github.com/pkg/sftp v1.12.0/go.mod h1:fUqqXB5vEgVCZ131L+9say31RAri6aF6KDViawhxKK8=
github.com/pmezard/go-difflib v1.0.0/go.mod h1:iKH77koFhYxTK1pcRnkKkqfTogsbg7gZNVY4sRDYZ/4=
github.com/robertkrimen/godocdown v0.0.0-20130622164427-0bfa04905481/go.mod h1:C9WhFzY47SzYBIvzFqSvHIR6ROgDo4TtdTuRaOMjF/s=
github.com/stephens2424/writerset v1.0.2/go.mod h1:aS2JhsMn6eA7e82oNmW4rfsgAOp9COBTTl8mzkwADnc=
github.com/stretchr/objx v0.1.0/go.mod h1:HFkY916IF+rwdDfMAkV7OtwuqBVzrE8GR6GFx+wExME=
github.com/stretchr/testify v1.3.0/go.mod h1:M5WIy9Dh21IEIfnGCwXGc5bZfKNJtfHm1UVUgZn+9EI=
github.com/stretchr/testify v1.6.1/go.mod h1:6Fq8oRcR53rry900zMqJjRRixrwX3KX962/h/Wwjteg=
github.com/tv42/httpunix v0.0.0-20191220191345-2ba4b9c3382c/go.mod h1:hzIxponao9Kjc7aWznkXaL4U4TWaDSs8zcsY4Ka08nM=
github.com/yuin/goldmark v1.1.27/go.mod h1:3hX8gzYuyVAZsxl0MRgGTJEmQBFcNTphYh9decYSb74=
golang.org/x/crypto v0.0.0-20190308221718-c2843e01d9a2/go.mod h1:djNgcEr1/C05ACkg1iLfiJU5Ep61QUkGW8qpdssI0+w=
golang.org/x/crypto v0.0.0-20191011191535-87dc89f01550/go.mod h1:yigFU9vqHzYiE8UmvKecakEJjdnWj3jj499lnFckfCI=
golang.org/x/crypto v0.0.0-20200820211705-5c72a883971a/go.mod h1:LzIPMQfyMNhhGPhUkYOs5KpL4U8rLKemX1yGLhDgUto=
golang.org/x/crypto v0.0.0-20201221181555-eec23a3978ad h1:DN0cp81fZ3njFcrLCytUHRSUkqBjfTo4Tx9RJTWs0EY=
golang.org/x/crypto v0.0.0-20201221181555-eec23a3978ad/go.mod h1:jdWPYTVW3xRLrWPugEBEK3UY2ZEsg3UU495nc5E+M+I=
golang.org/x/mod v0.2.0/go.mod h1:s0Qsj1ACt9ePp/hMypM3fl4fZqREWJwdYDEqhRiZZUA=
golang.org/x/net v0.0.0-20190404232315-eb5bcb51f2a3/go.mod h1:t9HGtf8HONx5eT2rtn7q6eTqICYqUVnKs3thJo3Qplg=
golang.org/x/net v0.0.0-20190620200207-3b0461eec859/go.mod h1:z5CRVTTTmAJ677TzLLGU+0bjPO0LkuOLi4/5GtJWs/s=
golang.org/x/net v0.0.0-20200226121028-0de0cce0169b/go.mod h1:z5CRVTTTmAJ677TzLLGU+0bjPO0LkuOLi4/5GtJWs/s=
golang.org/x/sync v0.0.0-20190423024810-112230192c58/go.mod h1:RxMgew5VJxzue5/jJTE5uejpjVlOe/izrB70Jof72aM=
golang.org/x/sync v0.0.0-20190911185100-cd5d95a43a6e/go.mod h1:RxMgew5VJxzue5/jJTE5uejpjVlOe/izrB70Jof72aM=
golang.org/x/sys v0.0.0-20180830151530-49385e6e1522/go.mod h1:STP8DvDyc/dI5b8T5hshtkjS+E42TnysNCUPdjciGhY=
golang.org/x/sys v0.0.0-20190215142949-d0b11bdaac8a/go.mod h1:STP8DvDyc/dI5b8T5hshtkjS+E42TnysNCUPdjciGhY=
golang.org/x/sys v0.0.0-20190412213103-97732733099d/go.mod h1:h1NjWce9XRLGQEsW7wpKNCjG9DtNlClVuFLEZdDNbEs=
golang.org/x/sys v0.0.0-20191026070338-33540a1f6037 h1:YyJpGZS1sBuBCzLAR1VEpK193GlqGZbnPFnPV/5Rsb4=
golang.org/x/sys v0.0.0-20191026070338-33540a1f6037/go.mod h1:h1NjWce9XRLGQEsW7wpKNCjG9DtNlClVuFLEZdDNbEs=
golang.org/x/sys v0.0.0-20191210023423-ac6580df4449 h1:gSbV7h1NRL2G1xTg/owz62CST1oJBmxy4QpMMregXVQ=
golang.org/x/sys v0.0.0-20191210023423-ac6580df4449/go.mod h1:h1NjWce9XRLGQEsW7wpKNCjG9DtNlClVuFLEZdDNbEs=
golang.org/x/term v0.0.0-20201117132131-f5c789dd3221/go.mod h1:Nr5EML6q2oocZ2LXRh80K7BxOlk5/8JxuGnuhpl+muw=
golang.org/x/text v0.0.0-20170915032832-14c0d48ead0c/go.mod h1:NqM8EUOU14njkJ3fqMW+pc6Ldnwhi/IjpwHt7yyuwOQ=
golang.org/x/text v0.3.0 h1:g61tztE5qeGQ89tm6NTjjM9VPIm088od1l6aSorWRWg=
golang.org/x/text v0.3.0/go.mod h1:NqM8EUOU14njkJ3fqMW+pc6Ldnwhi/IjpwHt7yyuwOQ=
golang.org/x/tools v0.0.0-20191119224855-298f0cb1881e/go.mod h1:b+2E5dAYhXwXZwtnZ6UAqBI28+e2cm9otk0dWdXHAEo=
golang.org/x/tools v0.0.0-20200423201157-2723c5de0d66/go.mod h1:EkVYQZoAsY45+roYkvgYkIh4xh/qjgUK9TdY2XT94GE=
golang.org/x/xerrors v0.0.0-20190717185122-a985d3407aa7/go.mod h1:I/5z698sn9Ka8TeJc9MKroUUfqBBauWjQqLJ2OPfmY0=
golang.org/x/xerrors v0.0.0-20191011141410-1b5146add898/go.mod h1:I/5z698sn9Ka8TeJc9MKroUUfqBBauWjQqLJ2OPfmY0=
golang.org/x/xerrors v0.0.0-20191204190536-9bdfabe68543/go.mod h1:I/5z698sn9Ka8TeJc9MKroUUfqBBauWjQqLJ2OPfmY0=
gopkg.in/check.v1 v0.0.0-20161208181325-20d25e280405/go.mod h1:Co6ibVJAznAaIkqp8huTwlJQCZ016jof/cbN4VW5Yz0=
gopkg.in/yaml.v3 v3.0.0-20200313102051-9f266ea9e77c/go.mod h1:K4uyk7z7BCEPqu6E+C64Yfv1cQ7kz7rIZviUmN+EgEM=
rsc.io/quote v1.5.2 h1:w5fcysjrx7yqtD/aO+QwRjYZOKnaM9Uh2b40tElTs3Y=
rsc.io/quote v1.5.2/go.mod h1:LzX7hefJvL54yjefDEDHNONDjII0t9xZLPXsUe+TKr0=
rsc.io/sampler v1.3.0 h1:7uVkIFmeBqHfdjD+gZwtXXI+RODJ2Wc4O7MPEh/QiW4=
rsc.io/sampler v1.3.0/go.mod h1:T1hPZKmBbMNahiBKFy5HrXp6adAjACjK9JXDnKaTXpA=
